
Microsoft Visual Studio Solution File, Format Version 12.00
# Visual Studio Version 17
VisualStudioVersion = 17.14.36518.9 d17.14
MinimumVisualStudioVersion = 10.0.40219.1
Project("{FAE04EC0-301F-11D3-BF4B-00C04F79EFBC}") = "FacturacionElectronica.Client", "FacturacionElectronica\FacturacionElectronica.Client.csproj", "{8B94A604-A038-4C69-AA88-BD2824E7FEB8}"
EndProject
Project("{FAE04EC0-301F-11D3-BF4B-00C04F79EFBC}") = "FacturacionElectronica.Api", "FacturacionElectronica.Api\FacturacionElectronica.Api.csproj", "{1D21719B-A606-466E-B1B2-EC55CA76809D}"
EndProject
Global
	GlobalSection(SolutionConfigurationPlatforms) = preSolution
		Debug|Any CPU = Debug|Any CPU
		Release|Any CPU = Release|Any CPU
	EndGlobalSection
	GlobalSection(ProjectConfigurationPlatforms) = postSolution
		{8B94A604-A038-4C69-AA88-BD2824E7FEB8}.Debug|Any CPU.ActiveCfg = Debug|Any CPU
		{8B94A604-A038-4C69-AA88-BD2824E7FEB8}.Debug|Any CPU.Build.0 = Debug|Any CPU
		{8B94A604-A038-4C69-AA88-BD2824E7FEB8}.Release|Any CPU.ActiveCfg = Release|Any CPU
		{8B94A604-A038-4C69-AA88-BD2824E7FEB8}.Release|Any CPU.Build.0 = Release|Any CPU
		{1D21719B-A606-466E-B1B2-EC55CA76809D}.Debug|Any CPU.ActiveCfg = Debug|Any CPU
		{1D21719B-A606-466E-B1B2-EC55CA76809D}.Debug|Any CPU.Build.0 = Debug|Any CPU
		{1D21719B-A606-466E-B1B2-EC55CA76809D}.Release|Any CPU.ActiveCfg = Release|Any CPU
		{1D21719B-A606-466E-B1B2-EC55CA76809D}.Release|Any CPU.Build.0 = Release|Any CPU
	EndGlobalSection
	GlobalSection(SolutionProperties) = preSolution
		HideSolutionNode = FALSE
	EndGlobalSection
	GlobalSection(ExtensibilityGlobals) = postSolution
		SolutionGuid = {A471DC34-BB02-4F2E-82DD-28CD8685F8CA}
	EndGlobalSection
EndGlobal
